
Microsoft Visual Studio Solution File, Format Version 12.00
# Visual Studio Version 16
VisualStudioVersion = 16.0.28922.388
MinimumVisualStudioVersion = 10.0.40219.1
Project("{FAE04EC0-301F-11D3-BF4B-00C04F79EFBC}") = "LabVacation", "LabVacation\LabVacation.csproj", "{9B1248CB-7410-4784-9110-21470DA7E360}"
EndProject
Global
	GlobalSection(SolutionConfigurationPlatforms) = preSolution
		Debug|Any CPU = Debug|Any CPU
		Release|Any CPU = Release|Any CPU
	EndGlobalSection
	GlobalSection(ProjectConfigurationPlatforms) = postSolution
		{9B1248CB-7410-4784-9110-21470DA7E360}.Debug|Any CPU.ActiveCfg = Debug|Any CPU
		{9B1248CB-7410-4784-9110-21470DA7E360}.Debug|Any CPU.Build.0 = Debug|Any CPU
		{9B1248CB-7410-4784-9110-21470DA7E360}.Release|Any CPU.ActiveCfg = Release|Any CPU
		{9B1248CB-7410-4784-9110-21470DA7E360}.Release|Any CPU.Build.0 = Release|Any CPU
	EndGlobalSection
	GlobalSection(SolutionProperties) = preSolution
		HideSolutionNode = FALSE
	EndGlobalSection
	GlobalSection(ExtensibilityGlobals) = postSolution
		SolutionGuid = {A375068C-E562-40AA-876D-CA7083F27FB5}
	EndGlobalSection
EndGlobal
